
Microsoft Visual Studio Solution File, Format Version 12.00
# Visual Studio Version 16
VisualStudioVersion = 16.0.32901.82
MinimumVisualStudioVersion = 10.0.40219.1
Project("{FAE04EC0-301F-11D3-BF4B-00C04F79EFBC}") = "1 задание", "1 задание.csproj", "{9287FB83-B8F0-48F8-BC56-99A46C193E88}"
EndProject
Global
	GlobalSection(SolutionConfigurationPlatforms) = preSolution
		Debug|Any CPU = Debug|Any CPU
		Release|Any CPU = Release|Any CPU
	EndGlobalSection
	GlobalSection(ProjectConfigurationPlatforms) = postSolution
		{9287FB83-B8F0-48F8-BC56-99A46C193E88}.Debug|Any CPU.ActiveCfg = Debug|Any CPU
		{9287FB83-B8F0-48F8-BC56-99A46C193E88}.Debug|Any CPU.Build.0 = Debug|Any CPU
		{9287FB83-B8F0-48F8-BC56-99A46C193E88}.Release|Any CPU.ActiveCfg = Release|Any CPU
		{9287FB83-B8F0-48F8-BC56-99A46C193E88}.Release|Any CPU.Build.0 = Release|Any CPU
	EndGlobalSection
	GlobalSection(SolutionProperties) = preSolution
		HideSolutionNode = FALSE
	EndGlobalSection
	GlobalSection(ExtensibilityGlobals) = postSolution
		SolutionGuid = {6A3DAE19-4F69-444D-805D-4826080E9510}
	EndGlobalSection
EndGlobal
